{
  "name": "@ignite-ui/react",
  "version": "1.0.0",
  "lockfileVersion": 1,
  "requires": true,
  "dependencies": {
    "@babel/runtime": {
      "version": "7.22.15",
      "resolved": "https://registry.npmjs.org/@babel/runtime/-/runtime-7.22.15.tgz",
      "integrity": "sha512-T0O+aa+4w0u06iNmapipJXMV4HoUir03hpx3/YqXXhu9xim3w+dVphjFWl1OH8NbZHw5Lbm9k45drDkgq2VNNA==",
      "requires": {
        "regenerator-runtime": "^0.14.0"
      }
    },
    "@floating-ui/core": {
      "version": "1.4.1",
      "resolved": "https://registry.npmjs.org/@floating-ui/core/-/core-1.4.1.tgz",
      "integrity": "sha512-jk3WqquEJRlcyu7997NtR5PibI+y5bi+LS3hPmguVClypenMsCY3CBa3LAQnozRCtCrYWSEtAdiskpamuJRFOQ==",
      "requires": {
        "@floating-ui/utils": "^0.1.1"
      }
    },
    "@floating-ui/dom": {
      "version": "1.5.2",
      "resolved": "https://registry.npmjs.org/@floating-ui/dom/-/dom-1.5.2.tgz",
      "integrity": "sha512-6ArmenS6qJEWmwzczWyhvrXRdI/rI78poBcW0h/456+onlabit+2G+QxHx5xTOX60NBJQXjsCLFbW2CmsXpUog==",
      "requires": {
        "@floating-ui/core": "^1.4.1",
        "@floating-ui/utils": "^0.1.1"
      }
    },
    "@floating-ui/react-dom": {
      "version": "2.0.2",
      "resolved": "https://registry.npmjs.org/@floating-ui/react-dom/-/react-dom-2.0.2.tgz",
      "integrity": "sha512-5qhlDvjaLmAst/rKb3VdlCinwTF4EYMiVxuuc/HVUjs46W0zgtbMmAZ1UTsDrRTxRmUEzl92mOtWbeeXL26lSQ==",
      "requires": {
        "@floating-ui/dom": "^1.5.1"
      }
    },
    "@floating-ui/utils": {
      "version": "0.1.2",
      "resolved": "https://registry.npmjs.org/@floating-ui/utils/-/utils-0.1.2.tgz",
      "integrity": "sha512-ou3elfqG/hZsbmF4bxeJhPHIf3G2pm0ujc39hYEZrfVqt7Vk/Zji6CXc3W0pmYM8BW1g40U+akTl9DKZhFhInQ=="
    },
    "@radix-ui/primitive": {
      "version": "1.0.1",
      "resolved": "https://registry.npmjs.org/@radix-ui/primitive/-/primitive-1.0.1.tgz",
      "integrity": "sha512-yQ8oGX2GVsEYMWGxcovu1uGWPCxV5BFfeeYxqPmuAzUyLT9qmaMXSAhXpb0WrspIeqYzdJpkh2vHModJPgRIaw==",
      "requires": {
        "@babel/runtime": "^7.13.10"
      }
    },
    "@radix-ui/react-arrow": {
      "version": "1.0.3",
      "resolved": "https://registry.npmjs.org/@radix-ui/react-arrow/-/react-arrow-1.0.3.tgz",
      "integrity": "sha512-wSP+pHsB/jQRaL6voubsQ/ZlrGBHHrOjmBnr19hxYgtS0WvAFwZhK2WP/YY5yF9uKECCEEDGxuLxq1NBK51wFA==",
      "requires": {
        "@babel/runtime": "^7.13.10",
        "@radix-ui/react-primitive": "1.0.3"
      }
    },
    "@radix-ui/react-compose-refs": {
      "version": "1.0.1",
      "resolved": "https://registry.npmjs.org/@radix-ui/react-compose-refs/-/react-compose-refs-1.0.1.tgz",
      "integrity": "sha512-fDSBgd44FKHa1FRMU59qBMPFcl2PZE+2nmqunj+BWFyYYjnhIDWL2ItDs3rrbJDQOtzt5nIebLCQc4QRfz6LJw==",
      "requires": {
        "@babel/runtime": "^7.13.10"
      }
    },
    "@radix-ui/react-context": {
      "version": "1.0.1",
      "resolved": "https://registry.npmjs.org/@radix-ui/react-context/-/react-context-1.0.1.tgz",
      "integrity": "sha512-ebbrdFoYTcuZ0v4wG5tedGnp9tzcV8awzsxYph7gXUyvnNLuTIcCk1q17JEbnVhXAKG9oX3KtchwiMIAYp9NLg==",
      "requires": {
        "@babel/runtime": "^7.13.10"
      }
    },
    "@radix-ui/react-dismissable-layer": {
      "version": "1.0.4",
      "resolved": "https://registry.npmjs.org/@radix-ui/react-dismissable-layer/-/react-dismissable-layer-1.0.4.tgz",
      "integrity": "sha512-7UpBa/RKMoHJYjie1gkF1DlK8l1fdU/VKDpoS3rCCo8YBJR294GwcEHyxHw72yvphJ7ld0AXEcSLAzY2F/WyCg==",
      "requires": {
        "@babel/runtime": "^7.13.10",
        "@radix-ui/primitive": "1.0.1",
        "@radix-ui/react-compose-refs": "1.0.1",
        "@radix-ui/react-primitive": "1.0.3",
        "@radix-ui/react-use-callback-ref": "1.0.1",
        "@radix-ui/react-use-escape-keydown": "1.0.3"
      }
    },
    "@radix-ui/react-id": {
      "version": "1.0.1",
      "resolved": "https://registry.npmjs.org/@radix-ui/react-id/-/react-id-1.0.1.tgz",
      "integrity": "sha512-tI7sT/kqYp8p96yGWY1OAnLHrqDgzHefRBKQ2YAkBS5ja7QLcZ9Z/uY7bEjPUatf8RomoXM8/1sMj1IJaE5UzQ==",
      "requires": {
        "@babel/runtime": "^7.13.10",
        "@radix-ui/react-use-layout-effect": "1.0.1"
      }
    },
    "@radix-ui/react-popper": {
      "version": "1.1.2",
      "resolved": "https://registry.npmjs.org/@radix-ui/react-popper/-/react-popper-1.1.2.tgz",
      "integrity": "sha512-1CnGGfFi/bbqtJZZ0P/NQY20xdG3E0LALJaLUEoKwPLwl6PPPfbeiCqMVQnhoFRAxjJj4RpBRJzDmUgsex2tSg==",
      "requires": {
        "@babel/runtime": "^7.13.10",
        "@floating-ui/react-dom": "^2.0.0",
        "@radix-ui/react-arrow": "1.0.3",
        "@radix-ui/react-compose-refs": "1.0.1",
        "@radix-ui/react-context": "1.0.1",
        "@radix-ui/react-primitive": "1.0.3",
        "@radix-ui/react-use-callback-ref": "1.0.1",
        "@radix-ui/react-use-layout-effect": "1.0.1",
        "@radix-ui/react-use-rect": "1.0.1",
        "@radix-ui/react-use-size": "1.0.1",
        "@radix-ui/rect": "1.0.1"
      }
    },
    "@radix-ui/react-portal": {
      "version": "1.0.3",
      "resolved": "https://registry.npmjs.org/@radix-ui/react-portal/-/react-portal-1.0.3.tgz",
      "integrity": "sha512-xLYZeHrWoPmA5mEKEfZZevoVRK/Q43GfzRXkWV6qawIWWK8t6ifIiLQdd7rmQ4Vk1bmI21XhqF9BN3jWf+phpA==",
      "requires": {
        "@babel/runtime": "^7.13.10",
        "@radix-ui/react-primitive": "1.0.3"
      }
    },
    "@radix-ui/react-presence": {
      "version": "1.0.1",
      "resolved": "https://registry.npmjs.org/@radix-ui/react-presence/-/react-presence-1.0.1.tgz",
      "integrity": "sha512-UXLW4UAbIY5ZjcvzjfRFo5gxva8QirC9hF7wRE4U5gz+TP0DbRk+//qyuAQ1McDxBt1xNMBTaciFGvEmJvAZCg==",
      "requires": {
        "@babel/runtime": "^7.13.10",
        "@radix-ui/react-compose-refs": "1.0.1",
        "@radix-ui/react-use-layout-effect": "1.0.1"
      }
    },
    "@radix-ui/react-primitive": {
      "version": "1.0.3",
      "resolved": "https://registry.npmjs.org/@radix-ui/react-primitive/-/react-primitive-1.0.3.tgz",
      "integrity": "sha512-yi58uVyoAcK/Nq1inRY56ZSjKypBNKTa/1mcL8qdl6oJeEaDbOldlzrGn7P6Q3Id5d+SYNGc5AJgc4vGhjs5+g==",
      "requires": {
        "@babel/runtime": "^7.13.10",
        "@radix-ui/react-slot": "1.0.2"
      }
    },
    "@radix-ui/react-slot": {
      "version": "1.0.2",
      "resolved": "https://registry.npmjs.org/@radix-ui/react-slot/-/react-slot-1.0.2.tgz",
      "integrity": "sha512-YeTpuq4deV+6DusvVUW4ivBgnkHwECUu0BiN43L5UCDFgdhsRUWAghhTF5MbvNTPzmiFOx90asDSUjWuCNapwg==",
      "requires": {
        "@babel/runtime": "^7.13.10",
        "@radix-ui/react-compose-refs": "1.0.1"
      }
    },
    "@radix-ui/react-tooltip": {
      "version": "1.0.6",
      "resolved": "https://registry.npmjs.org/@radix-ui/react-tooltip/-/react-tooltip-1.0.6.tgz",
      "integrity": "sha512-DmNFOiwEc2UDigsYj6clJENma58OelxD24O4IODoZ+3sQc3Zb+L8w1EP+y9laTuKCLAysPw4fD6/v0j4KNV8rg==",
      "requires": {
        "@babel/runtime": "^7.13.10",
        "@radix-ui/primitive": "1.0.1",
        "@radix-ui/react-compose-refs": "1.0.1",
        "@radix-ui/react-context": "1.0.1",
        "@radix-ui/react-dismissable-layer": "1.0.4",
        "@radix-ui/react-id": "1.0.1",
        "@radix-ui/react-popper": "1.1.2",
        "@radix-ui/react-portal": "1.0.3",
        "@radix-ui/react-presence": "1.0.1",
        "@radix-ui/react-primitive": "1.0.3",
        "@radix-ui/react-slot": "1.0.2",
        "@radix-ui/react-use-controllable-state": "1.0.1",
        "@radix-ui/react-visually-hidden": "1.0.3"
      }
    },
    "@radix-ui/react-use-callback-ref": {
      "version": "1.0.1",
      "resolved": "https://registry.npmjs.org/@radix-ui/react-use-callback-ref/-/react-use-callback-ref-1.0.1.tgz",
      "integrity": "sha512-D94LjX4Sp0xJFVaoQOd3OO9k7tpBYNOXdVhkltUbGv2Qb9OXdrg/CpsjlZv7ia14Sylv398LswWBVVu5nqKzAQ==",
      "requires": {
        "@babel/runtime": "^7.13.10"
      }
    },
    "@radix-ui/react-use-controllable-state": {
      "version": "1.0.1",
      "resolved": "https://registry.npmjs.org/@radix-ui/react-use-controllable-state/-/react-use-controllable-state-1.0.1.tgz",
      "integrity": "sha512-Svl5GY5FQeN758fWKrjM6Qb7asvXeiZltlT4U2gVfl8Gx5UAv2sMR0LWo8yhsIZh2oQ0eFdZ59aoOOMV7b47VA==",
      "requires": {
        "@babel/runtime": "^7.13.10",
        "@radix-ui/react-use-callback-ref": "1.0.1"
      }
    },
    "@radix-ui/react-use-escape-keydown": {
      "version": "1.0.3",
      "resolved": "https://registry.npmjs.org/@radix-ui/react-use-escape-keydown/-/react-use-escape-keydown-1.0.3.tgz",
      "integrity": "sha512-vyL82j40hcFicA+M4Ex7hVkB9vHgSse1ZWomAqV2Je3RleKGO5iM8KMOEtfoSB0PnIelMd2lATjTGMYqN5ylTg==",
      "requires": {
        "@babel/runtime": "^7.13.10",
        "@radix-ui/react-use-callback-ref": "1.0.1"
      }
    },
    "@radix-ui/react-use-layout-effect": {
      "version": "1.0.1",
      "resolved": "https://registry.npmjs.org/@radix-ui/react-use-layout-effect/-/react-use-layout-effect-1.0.1.tgz",
      "integrity": "sha512-v/5RegiJWYdoCvMnITBkNNx6bCj20fiaJnWtRkU18yITptraXjffz5Qbn05uOiQnOvi+dbkznkoaMltz1GnszQ==",
      "requires": {
        "@babel/runtime": "^7.13.10"
      }
    },
    "@radix-ui/react-use-rect": {
      "version": "1.0.1",
      "resolved": "https://registry.npmjs.org/@radix-ui/react-use-rect/-/react-use-rect-1.0.1.tgz",
      "integrity": "sha512-Cq5DLuSiuYVKNU8orzJMbl15TXilTnJKUCltMVQg53BQOF1/C5toAaGrowkgksdBQ9H+SRL23g0HDmg9tvmxXw==",
      "requires": {
        "@babel/runtime": "^7.13.10",
        "@radix-ui/rect": "1.0.1"
      }
    },
    "@radix-ui/react-use-size": {
      "version": "1.0.1",
      "resolved": "https://registry.npmjs.org/@radix-ui/react-use-size/-/react-use-size-1.0.1.tgz",
      "integrity": "sha512-ibay+VqrgcaI6veAojjofPATwledXiSmX+C0KrBk/xgpX9rBzPV3OsfwlhQdUOFbh+LKQorLYT+xTXW9V8yd0g==",
      "requires": {
        "@babel/runtime": "^7.13.10",
        "@radix-ui/react-use-layout-effect": "1.0.1"
      }
    },
    "@radix-ui/react-visually-hidden": {
      "version": "1.0.3",
      "resolved": "https://registry.npmjs.org/@radix-ui/react-visually-hidden/-/react-visually-hidden-1.0.3.tgz",
      "integrity": "sha512-D4w41yN5YRKtu464TLnByKzMDG/JlMPHtfZgQAu9v6mNakUqGUI9vUrfQKz8NK41VMm/xbZbh76NUTVtIYqOMA==",
      "requires": {
        "@babel/runtime": "^7.13.10",
        "@radix-ui/react-primitive": "1.0.3"
      }
    },
    "@radix-ui/rect": {
      "version": "1.0.1",
      "resolved": "https://registry.npmjs.org/@radix-ui/rect/-/rect-1.0.1.tgz",
      "integrity": "sha512-fyrgCaedtvMg9NK3en0pnOYJdtfwxUcNolezkNPUsoX57X8oQk+NkqcvzHXD2uKNij6GXmWU9NDru2IWjrO4BQ==",
      "requires": {
        "@babel/runtime": "^7.13.10"
      }
    },
    "regenerator-runtime": {
      "version": "0.14.0",
      "resolved": "https://registry.npmjs.org/regenerator-runtime/-/regenerator-runtime-0.14.0.tgz",
      "integrity": "sha512-srw17NI0TUWHuGa5CFGGmhfNIeja30WMBfbslPNhf6JrqQlLN5gcrvig1oqPxiVaXb0oW0XRKtH6Nngs5lKCIA=="
    }
  }
}
